// !$*UTF8*$!
{
	archiveVersion = 1;
	classes = {
	};
	objectVersion = 56;
	objects = {

/* Begin PBXBuildFile section */
		84C0A9D22A5FC9EB0013EBC5 /* job_processor_appApp.swift in Sources */ = {isa = PBXBuildFile; fileRef = 84C0A9D12A5FC9EB0013EBC5 /* job_processor_appApp.swift */; };
		84C0A9D42A5FC9EB0013EBC5 /* ContentView.swift in Sources */ = {isa = PBXBuildFile; fileRef = 84C0A9D32A5FC9EB0013EBC5 /* ContentView.swift */; };
		84C0A9D62A5FC9ED0013EBC5 /* Assets.xcassets in Resources */ = {isa = PBXBuildFile; fileRef = 84C0A9D52A5FC9ED0013EBC5 /* Assets.xcassets */; };
		84C0A9D92A5FC9ED0013EBC5 /* Preview Assets.xcassets in Resources */ = {isa = PBXBuildFile; fileRef = 84C0A9D82A5FC9ED0013EBC5 /* Preview Assets.xcassets */; };
		84C0A9E32A5FC9EE0013EBC5 /* job_processor_appTests.swift in Sources */ = {isa = PBXBuildFile; fileRef = 84C0A9E22A5FC9EE0013EBC5 /* job_processor_appTests.swift */; };
		84C0A9ED2A5FC9EE0013EBC5 /* job_processor_appUITests.swift in Sources */ = {isa = PBXBuildFile; fileRef = 84C0A9EC2A5FC9EE0013EBC5 /* job_processor_appUITests.swift */; };
		84C0A9EF2A5FC9EE0013EBC5 /* job_processor_appUITestsLaunchTests.swift in Sources */ = {isa = PBXBuildFile; fileRef = 84C0A9EE2A5FC9EE0013EBC5 /* job_processor_appUITestsLaunchTests.swift */; };
/* End PBXBuildFile section */

/* Begin PBXContainerItemProxy section */
		84C0A9DF2A5FC9EE0013EBC5 /* PBXContainerItemProxy */ = {
			isa = PBXContainerItemProxy;
			containerPortal = 84C0A9C62A5FC9EB0013EBC5 /* Project object */;
			proxyType = 1;
			remoteGlobalIDString = 84C0A9CD2A5FC9EB0013EBC5;
			remoteInfo = "job-processor-app";
		};
		84C0A9E92A5FC9EE0013EBC5 /* PBXContainerItemProxy */ = {
			isa = PBXContainerItemProxy;
			containerPortal = 84C0A9C62A5FC9EB0013EBC5 /* Project object */;
			proxyType = 1;
			remoteGlobalIDString = 84C0A9CD2A5FC9EB0013EBC5;
			remoteInfo = "job-processor-app";
		};
/* End PBXContainerItemProxy section */

/* Begin PBXFileReference section */
		84C0A9CE2A5FC9EB0013EBC5 /* job-processor-app.app */ = {isa = PBXFileReference; explicitFileType = wrapper.application; includeInIndex = 0; path = "job-processor-app.app"; sourceTree = BUILT_PRODUCTS_DIR; };
		84C0A9D12A5FC9EB0013EBC5 /* job_processor_appApp.swift */ = {isa = PBXFileReference; lastKnownFileType = sourcecode.swift; path = job_processor_appApp.swift; sourceTree = "<group>"; };
		84C0A9D32A5FC9EB0013EBC5 /* ContentView.swift */ = {isa = PBXFileReference; lastKnownFileType = sourcecode.swift; path = ContentView.swift; sourceTree = "<group>"; };
		84C0A9D52A5FC9ED0013EBC5 /* Assets.xcassets */ = {isa = PBXFileReference; lastKnownFileType = folder.assetcatalog; path = Assets.xcassets; sourceTree = "<group>"; };
		84C0A9D82A5FC9ED0013EBC5 /* Preview Assets.xcassets */ = {isa = PBXFileReference; lastKnownFileType = folder.assetcatalog; path = "Preview Assets.xcassets"; sourceTree = "<group>"; };
		84C0A9DE2A5FC9EE0013EBC5 /* job-processor-appTests.xctest */ = {isa = PBXFileReference; explicitFileType = wrapper.cfbundle; includeInIndex = 0; path = "job-processor-appTests.xctest"; sourceTree = BUILT_PRODUCTS_DIR; };
		84C0A9E22A5FC9EE0013EBC5 /* job_processor_appTests.swift */ = {isa = PBXFileReference; lastKnownFileType = sourcecode.swift; path = job_processor_appTests.swift; sourceTree = "<group>"; };
		84C0A9E82A5FC9EE0013EBC5 /* job-processor-appUITests.xctest */ = {isa = PBXFileReference; explicitFileType = wrapper.cfbundle; includeInIndex = 0; path = "job-processor-appUITests.xctest"; sourceTree = BUILT_PRODUCTS_DIR; };
		84C0A9EC2A5FC9EE0013EBC5 /* job_processor_appUITests.swift */ = {isa = PBXFileReference; lastKnownFileType = sourcecode.swift; path = job_processor_appUITests.swift; sourceTree = "<group>"; };
		84C0A9EE2A5FC9EE0013EBC5 /* job_processor_appUITestsLaunchTests.swift */ = {isa = PBXFileReference; lastKnownFileType = sourcecode.swift; path = job_processor_appUITestsLaunchTests.swift; sourceTree = "<group>"; };
/* End PBXFileReference section */

/* Begin PBXFrameworksBuildPhase section */
		84C0A9CB2A5FC9EB0013EBC5 /* Frameworks */ = {
			isa = PBXFrameworksBuildPhase;
			buildActionMask = 2147483647;
			files = (
			);
			runOnlyForDeploymentPostprocessing = 0;
		};
		84C0A9DB2A5FC9EE0013EBC5 /* Frameworks */ = {
			isa = PBXFrameworksBuildPhase;
			buildActionMask = 2147483647;
			files = (
			);
			runOnlyForDeploymentPostprocessing = 0;
		};
		84C0A9E52A5FC9EE0013EBC5 /* Frameworks */ = {
			isa = PBXFrameworksBuildPhase;
			buildActionMask = 2147483647;
			files = (
			);
			runOnlyForDeploymentPostprocessing = 0;
		};
/* End PBXFrameworksBuildPhase section */

/* Begin PBXGroup section */
		84C0A9C52A5FC9EB0013EBC5 = {
			isa = PBXGroup;
			children = (
				84C0A9D02A5FC9EB0013EBC5 /* job-processor-app */,
				84C0A9E12A5FC9EE0013EBC5 /* job-processor-appTests */,
				84C0A9EB2A5FC9EE0013EBC5 /* job-processor-appUITests */,
				84C0A9CF2A5FC9EB0013EBC5 /* Products */,
			);
			sourceTree = "<group>";
		};
		84C0A9CF2A5FC9EB0013EBC5 /* Products */ = {
			isa = PBXGroup;
			children = (
				84C0A9CE2A5FC9EB0013EBC5 /* job-processor-app.app */,
				84C0A9DE2A5FC9EE0013EBC5 /* job-processor-appTests.xctest */,
				84C0A9E82A5FC9EE0013EBC5 /* job-processor-appUITests.xctest */,
			);
			name = Products;
			sourceTree = "<group>";
		};
		84C0A9D02A5FC9EB0013EBC5 /* job-processor-app */ = {
			isa = PBXGroup;
			children = (
				84C0A9D12A5FC9EB0013EBC5 /* job_processor_appApp.swift */,
				84C0A9D32A5FC9EB0013EBC5 /* ContentView.swift */,
				84C0A9D52A5FC9ED0013EBC5 /* Assets.xcassets */,
				84C0A9D72A5FC9ED0013EBC5 /* Preview Content */,
			);
			path = "job-processor-app";
			sourceTree = "<group>";
		};
		84C0A9D72A5FC9ED0013EBC5 /* Preview Content */ = {
			isa = PBXGroup;
			children = (
				84C0A9D82A5FC9ED0013EBC5 /* Preview Assets.xcassets */,
			);
			path = "Preview Content";
			sourceTree = "<group>";
		};
		84C0A9E12A5FC9EE0013EBC5 /* job-processor-appTests */ = {
			isa = PBXGroup;
			children = (
				84C0A9E22A5FC9EE0013EBC5 /* job_processor_appTests.swift */,
			);
			path = "job-processor-appTests";
			sourceTree = "<group>";
		};
		84C0A9EB2A5FC9EE0013EBC5 /* job-processor-appUITests */ = {
			isa = PBXGroup;
			children = (
				84C0A9EC2A5FC9EE0013EBC5 /* job_processor_appUITests.swift */,
				84C0A9EE2A5FC9EE0013EBC5 /* job_processor_appUITestsLaunchTests.swift */,
			);
			path = "job-processor-appUITests";
			sourceTree = "<group>";
		};
/* End PBXGroup section */

/* Begin PBXNativeTarget section */
		84C0A9CD2A5FC9EB0013EBC5 /* job-processor-app */ = {
			isa = PBXNativeTarget;
			buildConfigurationList = 84C0A9F22A5FC9EE0013EBC5 /* Build configuration list for PBXNativeTarget "job-processor-app" */;
			buildPhases = (
				84C0A9CA2A5FC9EB0013EBC5 /* Sources */,
				84C0A9CB2A5FC9EB0013EBC5 /* Frameworks */,
				84C0A9CC2A5FC9EB0013EBC5 /* Resources */,
			);
			buildRules = (
			);
			dependencies = (
			);
			name = "job-processor-app";
			productName = "job-processor-app";
			productReference = 84C0A9CE2A5FC9EB0013EBC5 /* job-processor-app.app */;
			productType = "com.apple.product-type.application";
		};
		84C0A9DD2A5FC9EE0013EBC5 /* job-processor-appTests */ = {
			isa = PBXNativeTarget;
			buildConfigurationList = 84C0A9F52A5FC9EE0013EBC5 /* Build configuration list for PBXNativeTarget "job-processor-appTests" */;
			buildPhases = (
				84C0A9DA2A5FC9EE0013EBC5 /* Sources */,
				84C0A9DB2A5FC9EE0013EBC5 /* Frameworks */,
				84C0A9DC2A5FC9EE0013EBC5 /* Resources */,
			);
			buildRules = (
			);
			dependencies = (
				84C0A9E02A5FC9EE0013EBC5 /* PBXTargetDependency */,
			);
			name = "job-processor-appTests";
			productName = "job-processor-appTests";
			productReference = 84C0A9DE2A5FC9EE0013EBC5 /* job-processor-appTests.xctest */;
			productType = "com.apple.product-type.bundle.unit-test";
		};
		84C0A9E72A5FC9EE0013EBC5 /* job-processor-appUITests */ = {
			isa = PBXNativeTarget;
			buildConfigurationList = 84C0A9F82A5FC9EE0013EBC5 /* Build configuration list for PBXNativeTarget "job-processor-appUITests" */;
			buildPhases = (
				84C0A9E42A5FC9EE0013EBC5 /* Sources */,
				84C0A9E52A5FC9EE0013EBC5 /* Frameworks */,
				84C0A9E62A5FC9EE0013EBC5 /* Resources */,
			);
			buildRules = (
			);
			dependencies = (
				84C0A9EA2A5FC9EE0013EBC5 /* PBXTargetDependency */,
			);
			name = "job-processor-appUITests";
			productName = "job-processor-appUITests";
			productReference = 84C0A9E82A5FC9EE0013EBC5 /* job-processor-appUITests.xctest */;
			productType = "com.apple.product-type.bundle.ui-testing";
		};
/* End PBXNativeTarget section */

/* Begin PBXProject section */
		84C0A9C62A5FC9EB0013EBC5 /* Project object */ = {
			isa = PBXProject;
			attributes = {
				BuildIndependentTargetsInParallel = 1;
				LastSwiftUpdateCheck = 1420;
				LastUpgradeCheck = 1420;
				TargetAttributes = {
					84C0A9CD2A5FC9EB0013EBC5 = {
						CreatedOnToolsVersion = 14.2;
					};
					84C0A9DD2A5FC9EE0013EBC5 = {
						CreatedOnToolsVersion = 14.2;
						TestTargetID = 84C0A9CD2A5FC9EB0013EBC5;
					};
					84C0A9E72A5FC9EE0013EBC5 = {
						CreatedOnToolsVersion = 14.2;
						TestTargetID = 84C0A9CD2A5FC9EB0013EBC5;
					};
				};
			};
			buildConfigurationList = 84C0A9C92A5FC9EB0013EBC5 /* Build configuration list for PBXProject "job-processor-app" */;
			compatibilityVersion = "Xcode 14.0";
			developmentRegion = en;
			hasScannedForEncodings = 0;
			knownRegions = (
				en,
				Base,
			);
			mainGroup = 84C0A9C52A5FC9EB0013EBC5;
			productRefGroup = 84C0A9CF2A5FC9EB0013EBC5 /* Products */;
			projectDirPath = "";
			projectRoot = "";
			targets = (
				84C0A9CD2A5FC9EB0013EBC5 /* job-processor-app */,
				84C0A9DD2A5FC9EE0013EBC5 /* job-processor-appTests */,
				84C0A9E72A5FC9EE0013EBC5 /* job-processor-appUITests */,
			);
		};
/* End PBXProject section */

/* Begin PBXResourcesBuildPhase section */
		84C0A9CC2A5FC9EB0013EBC5 /* Resources */ = {
			isa = PBXResourcesBuildPhase;
			buildActionMask = 2147483647;
			files = (
				84C0A9D92A5FC9ED0013EBC5 /* Preview Assets.xcassets in Resources */,
				84C0A9D62A5FC9ED0013EBC5 /* Assets.xcassets in Resources */,
			);
			runOnlyForDeploymentPostprocessing = 0;
		};
		84C0A9DC2A5FC9EE0013EBC5 /* Resources */ = {
			isa = PBXResourcesBuildPhase;
			buildActionMask = 2147483647;
			files = (
			);
			runOnlyForDeploymentPostprocessing = 0;
		};
		84C0A9E62A5FC9EE0013EBC5 /* Resources */ = {
			isa = PBXResourcesBuildPhase;
			buildActionMask = 2147483647;
			files = (
			);
			runOnlyForDeploymentPostprocessing = 0;
		};
/* End PBXResourcesBuildPhase section */

/* Begin PBXSourcesBuildPhase section */
		84C0A9CA2A5FC9EB0013EBC5 /* Sources */ = {
			isa = PBXSourcesBuildPhase;
			buildActionMask = 2147483647;
			files = (
				84C0A9D42A5FC9EB0013EBC5 /* ContentView.swift in Sources */,
				84C0A9D22A5FC9EB0013EBC5 /* job_processor_appApp.swift in Sources */,
			);
			runOnlyForDeploymentPostprocessing = 0;
		};
		84C0A9DA2A5FC9EE0013EBC5 /* Sources */ = {
			isa = PBXSourcesBuildPhase;
			buildActionMask = 2147483647;
			files = (
				84C0A9E32A5FC9EE0013EBC5 /* job_processor_appTests.swift in Sources */,
			);
			runOnlyForDeploymentPostprocessing = 0;
		};
		84C0A9E42A5FC9EE0013EBC5 /* Sources */ = {
			isa = PBXSourcesBuildPhase;
			buildActionMask = 2147483647;
			files = (
				84C0A9ED2A5FC9EE0013EBC5 /* job_processor_appUITests.swift in Sources */,
				84C0A9EF2A5FC9EE0013EBC5 /* job_processor_appUITestsLaunchTests.swift in Sources */,
			);
			runOnlyForDeploymentPostprocessing = 0;
		};
/* End PBXSourcesBuildPhase section */

/* Begin PBXTargetDependency section */
		84C0A9E02A5FC9EE0013EBC5 /* PBXTargetDependency */ = {
			isa = PBXTargetDependency;
			target = 84C0A9CD2A5FC9EB0013EBC5 /* job-processor-app */;
			targetProxy = 84C0A9DF2A5FC9EE0013EBC5 /* PBXContainerItemProxy */;
		};
		84C0A9EA2A5FC9EE0013EBC5 /* PBXTargetDependency */ = {
			isa = PBXTargetDependency;
			target = 84C0A9CD2A5FC9EB0013EBC5 /* job-processor-app */;
			targetProxy = 84C0A9E92A5FC9EE0013EBC5 /* PBXContainerItemProxy */;
		};
/* End PBXTargetDependency section */

/* Begin XCBuildConfiguration section */
		84C0A9F02A5FC9EE0013EBC5 /* Debug */ = {
			isa = XCBuildConfiguration;
			buildSettings = {
				ALWAYS_SEARCH_USER_PATHS = NO;
				CLANG_ANALYZER_NONNULL = YES;
				CLANG_ANALYZER_NUMBER_OBJECT_CONVERSION = YES_AGGRESSIVE;
				CLANG_CXX_LANGUAGE_STANDARD = "gnu++20";
				CLANG_ENABLE_MODULES = YES;
				CLANG_ENABLE_OBJC_ARC = YES;
				CLANG_ENABLE_OBJC_WEAK = YES;
				CLANG_WARN_BLOCK_CAPTURE_AUTORELEASING = YES;
				CLANG_WARN_BOOL_CONVERSION = YES;
				CLANG_WARN_COMMA = YES;
				CLANG_WARN_CONSTANT_CONVERSION = YES;
				CLANG_WARN_DEPRECATED_OBJC_IMPLEMENTATIONS = YES;
				CLANG_WARN_DIRECT_OBJC_ISA_USAGE = YES_ERROR;
				CLANG_WARN_DOCUMENTATION_COMMENTS = YES;
				CLANG_WARN_EMPTY_BODY = YES;
				CLANG_WARN_ENUM_CONVERSION = YES;
				CLANG_WARN_INFINITE_RECURSION = YES;
				CLANG_WARN_INT_CONVERSION = YES;
				CLANG_WARN_NON_LITERAL_NULL_CONVERSION = YES;
				CLANG_WARN_OBJC_IMPLICIT_RETAIN_SELF = YES;
				CLANG_WARN_OBJC_LITERAL_CONVERSION = YES;
				CLANG_WARN_OBJC_ROOT_CLASS = YES_ERROR;
				CLANG_WARN_QUOTED_INCLUDE_IN_FRAMEWORK_HEADER = YES;
				CLANG_WARN_RANGE_LOOP_ANALYSIS = YES;
				CLANG_WARN_STRICT_PROTOTYPES = YES;
				CLANG_WARN_SUSPICIOUS_MOVE = YES;
				CLANG_WARN_UNGUARDED_AVAILABILITY = YES_AGGRESSIVE;
				CLANG_WARN_UNREACHABLE_CODE = YES;
				CLANG_WARN__DUPLICATE_METHOD_MATCH = YES;
				COPY_PHASE_STRIP = NO;
				DEBUG_INFORMATION_FORMAT = dwarf;
				ENABLE_STRICT_OBJC_MSGSEND = YES;
				ENABLE_TESTABILITY = YES;
				GCC_C_LANGUAGE_STANDARD = gnu11;
				GCC_DYNAMIC_NO_PIC = NO;
				GCC_NO_COMMON_BLOCKS = YES;
				GCC_OPTIMIZATION_LEVEL = 0;
				GCC_PREPROCESSOR_DEFINITIONS = (
					"DEBUG=1",
					"$(inherited)",
				);
				GCC_WARN_64_TO_32_BIT_CONVERSION = YES;
				GCC_WARN_ABOUT_RETURN_TYPE = YES_ERROR;
				GCC_WARN_UNDECLARED_SELECTOR = YES;
				GCC_WARN_UNINITIALIZED_AUTOS = YES_AGGRESSIVE;
				GCC_WARN_UNUSED_FUNCTION = YES;
				GCC_WARN_UNUSED_VARIABLE = YES;
				IPHONEOS_DEPLOYMENT_TARGET = 16.2;
				MTL_ENABLE_DEBUG_INFO = INCLUDE_SOURCE;
				MTL_FAST_MATH = YES;
				ONLY_ACTIVE_ARCH = YES;
				SDKROOT = iphoneos;
				SWIFT_ACTIVE_COMPILATION_CONDITIONS = DEBUG;
				SWIFT_OPTIMIZATION_LEVEL = "-Onone";
			};
			name = Debug;
		};
		84C0A9F12A5FC9EE0013EBC5 /* Release */ = {
			isa = XCBuildConfiguration;
			buildSettings = {
				ALWAYS_SEARCH_USER_PATHS = NO;
				CLANG_ANALYZER_NONNULL = YES;
				CLANG_ANALYZER_NUMBER_OBJECT_CONVERSION = YES_AGGRESSIVE;
				CLANG_CXX_LANGUAGE_STANDARD = "gnu++20";
				CLANG_ENABLE_MODULES = YES;
				CLANG_ENABLE_OBJC_ARC = YES;
				CLANG_ENABLE_OBJC_WEAK = YES;
				CLANG_WARN_BLOCK_CAPTURE_AUTORELEASING = YES;
				CLANG_WARN_BOOL_CONVERSION = YES;
				CLANG_WARN_COMMA = YES;
				CLANG_WARN_CONSTANT_CONVERSION = YES;
				CLANG_WARN_DEPRECATED_OBJC_IMPLEMENTATIONS = YES;
				CLANG_WARN_DIRECT_OBJC_ISA_USAGE = YES_ERROR;
				CLANG_WARN_DOCUMENTATION_COMMENTS = YES;
				CLANG_WARN_EMPTY_BODY = YES;
				CLANG_WARN_ENUM_CONVERSION = YES;
				CLANG_WARN_INFINITE_RECURSION = YES;
				CLANG_WARN_INT_CONVERSION = YES;
				CLANG_WARN_NON_LITERAL_NULL_CONVERSION = YES;
				CLANG_WARN_OBJC_IMPLICIT_RETAIN_SELF = YES;
				CLANG_WARN_OBJC_LITERAL_CONVERSION = YES;
				CLANG_WARN_OBJC_ROOT_CLASS = YES_ERROR;
				CLANG_WARN_QUOTED_INCLUDE_IN_FRAMEWORK_HEADER = YES;
				CLANG_WARN_RANGE_LOOP_ANALYSIS = YES;
				CLANG_WARN_STRICT_PROTOTYPES = YES;
				CLANG_WARN_SUSPICIOUS_MOVE = YES;
				CLANG_WARN_UNGUARDED_AVAILABILITY = YES_AGGRESSIVE;
				CLANG_WARN_UNREACHABLE_CODE = YES;
				CLANG_WARN__DUPLICATE_METHOD_MATCH = YES;
				COPY_PHASE_STRIP = NO;
				DEBUG_INFORMATION_FORMAT = "dwarf-with-dsym";
				ENABLE_NS_ASSERTIONS = NO;
				ENABLE_STRICT_OBJC_MSGSEND = YES;
				GCC_C_LANGUAGE_STANDARD = gnu11;
				GCC_NO_COMMON_BLOCKS = YES;
				GCC_WARN_64_TO_32_BIT_CONVERSION = YES;
				GCC_WARN_ABOUT_RETURN_TYPE = YES_ERROR;
				GCC_WARN_UNDECLARED_SELECTOR = YES;
				GCC_WARN_UNINITIALIZED_AUTOS = YES_AGGRESSIVE;
				GCC_WARN_UNUSED_FUNCTION = YES;
				GCC_WARN_UNUSED_VARIABLE = YES;
				IPHONEOS_DEPLOYMENT_TARGET = 16.2;
				MTL_ENABLE_DEBUG_INFO = NO;
				MTL_FAST_MATH = YES;
				SDKROOT = iphoneos;
				SWIFT_COMPILATION_MODE = wholemodule;
				SWIFT_OPTIMIZATION_LEVEL = "-O";
				VALIDATE_PRODUCT = YES;
			};
			name = Release;
		};
		84C0A9F32A5FC9EE0013EBC5 /* Debug */ = {
			isa = XCBuildConfiguration;
			buildSettings = {
				ASSETCATALOG_COMPILER_APPICON_NAME = AppIcon;
				ASSETCATALOG_COMPILER_GLOBAL_ACCENT_COLOR_NAME = AccentColor;
				CODE_SIGN_STYLE = Automatic;
				CURRENT_PROJECT_VERSION = 1;
				DEVELOPMENT_ASSET_PATHS = "\"job-processor-app/Preview Content\"";
				DEVELOPMENT_TEAM = XXH56N6WGN;
				ENABLE_PREVIEWS = YES;
				GENERATE_INFOPLIST_FILE = YES;
				INFOPLIST_KEY_UIApplicationSceneManifest_Generation = YES;
				INFOPLIST_KEY_UIApplicationSupportsIndirectInputEvents = YES;
				INFOPLIST_KEY_UILaunchScreen_Generation = YES;
				INFOPLIST_KEY_UISupportedInterfaceOrientations_iPad = "UIInterfaceOrientationPortrait UIInterfaceOrientationPortraitUpsideDown UIInterfaceOrientationLandscapeLeft UIInterfaceOrientationLandscapeRight";
				INFOPLIST_KEY_UISupportedInterfaceOrientations_iPhone = "UIInterfaceOrientationPortrait UIInterfaceOrientationLandscapeLeft UIInterfaceOrientationLandscapeRight";
				LD_RUNPATH_SEARCH_PATHS = (
					"$(inherited)",
					"@executable_path/Frameworks",
				);
				MARKETING_VERSION = 1.0;
				PRODUCT_BUNDLE_IDENTIFIER = "mykhailo.tseitlin.job-processor-app";
				PRODUCT_NAME = "$(TARGET_NAME)";
				SWIFT_EMIT_LOC_STRINGS = YES;
				SWIFT_VERSION = 5.0;
				TARGETED_DEVICE_FAMILY = "1,2";
			};
			name = Debug;
		};
		84C0A9F42A5FC9EE0013EBC5 /* Release */ = {
			isa = XCBuildConfiguration;
			buildSettings = {
				ASSETCATALOG_COMPILER_APPICON_NAME = AppIcon;
				ASSETCATALOG_COMPILER_GLOBAL_ACCENT_COLOR_NAME = AccentColor;
				CODE_SIGN_STYLE = Automatic;
				CURRENT_PROJECT_VERSION = 1;
				DEVELOPMENT_ASSET_PATHS = "\"job-processor-app/Preview Content\"";
				DEVELOPMENT_TEAM = XXH56N6WGN;
				ENABLE_PREVIEWS = YES;
				GENERATE_INFOPLIST_FILE = YES;
				INFOPLIST_KEY_UIApplicationSceneManifest_Generation = YES;
				INFOPLIST_KEY_UIApplicationSupportsIndirectInputEvents = YES;
				INFOPLIST_KEY_UILaunchScreen_Generation = YES;
				INFOPLIST_KEY_UISupportedInterfaceOrientations_iPad = "UIInterfaceOrientationPortrait UIInterfaceOrientationPortraitUpsideDown UIInterfaceOrientationLandscapeLeft UIInterfaceOrientationLandscapeRight";
				INFOPLIST_KEY_UISupportedInterfaceOrientations_iPhone = "UIInterfaceOrientationPortrait UIInterfaceOrientationLandscapeLeft UIInterfaceOrientationLandscapeRight";
				LD_RUNPATH_SEARCH_PATHS = (
					"$(inherited)",
					"@executable_path/Frameworks",
				);
				MARKETING_VERSION = 1.0;
				PRODUCT_BUNDLE_IDENTIFIER = "mykhailo.tseitlin.job-processor-app";
				PRODUCT_NAME = "$(TARGET_NAME)";
				SWIFT_EMIT_LOC_STRINGS = YES;
				SWIFT_VERSION = 5.0;
				TARGETED_DEVICE_FAMILY = "1,2";
			};
			name = Release;
		};
		84C0A9F62A5FC9EE0013EBC5 /* Debug */ = {
			isa = XCBuildConfiguration;
			buildSettings = {
				ALWAYS_EMBED_SWIFT_STANDARD_LIBRARIES = YES;
				BUNDLE_LOADER = "$(TEST_HOST)";
				CODE_SIGN_STYLE = Automatic;
				CURRENT_PROJECT_VERSION = 1;
				DEVELOPMENT_TEAM = XXH56N6WGN;
				GENERATE_INFOPLIST_FILE = YES;
				IPHONEOS_DEPLOYMENT_TARGET = 16.2;
				MARKETING_VERSION = 1.0;
				PRODUCT_BUNDLE_IDENTIFIER = "mykhailo.tseitlin.job-processor-appTests";
				PRODUCT_NAME = "$(TARGET_NAME)";
				SWIFT_EMIT_LOC_STRINGS = NO;
				SWIFT_VERSION = 5.0;
				TARGETED_DEVICE_FAMILY = "1,2";
				TEST_HOST = "$(BUILT_PRODUCTS_DIR)/job-processor-app.app/$(BUNDLE_EXECUTABLE_FOLDER_PATH)/job-processor-app";
			};
			name = Debug;
		};
		84C0A9F72A5FC9EE0013EBC5 /* Release */ = {
			isa = XCBuildConfiguration;
			buildSettings = {
				ALWAYS_EMBED_SWIFT_STANDARD_LIBRARIES = YES;
				BUNDLE_LOADER = "$(TEST_HOST)";
				CODE_SIGN_STYLE = Automatic;
				CURRENT_PROJECT_VERSION = 1;
				DEVELOPMENT_TEAM = XXH56N6WGN;
				GENERATE_INFOPLIST_FILE = YES;
				IPHONEOS_DEPLOYMENT_TARGET = 16.2;
				MARKETING_VERSION = 1.0;
				PRODUCT_BUNDLE_IDENTIFIER = "mykhailo.tseitlin.job-processor-appTests";
				PRODUCT_NAME = "$(TARGET_NAME)";
				SWIFT_EMIT_LOC_STRINGS = NO;
				SWIFT_VERSION = 5.0;
				TARGETED_DEVICE_FAMILY = "1,2";
				TEST_HOST = "$(BUILT_PRODUCTS_DIR)/job-processor-app.app/$(BUNDLE_EXECUTABLE_FOLDER_PATH)/job-processor-app";
			};
			name = Release;
		};
		84C0A9F92A5FC9EE0013EBC5 /* Debug */ = {
			isa = XCBuildConfiguration;
			buildSettings = {
				ALWAYS_EMBED_SWIFT_STANDARD_LIBRARIES = YES;
				CODE_SIGN_STYLE = Automatic;
				CURRENT_PROJECT_VERSION = 1;
				DEVELOPMENT_TEAM = XXH56N6WGN;
				GENERATE_INFOPLIST_FILE = YES;
				MARKETING_VERSION = 1.0;
				PRODUCT_BUNDLE_IDENTIFIER = "mykhailo.tseitlin.job-processor-appUITests";
				PRODUCT_NAME = "$(TARGET_NAME)";
				SWIFT_EMIT_LOC_STRINGS = NO;
				SWIFT_VERSION = 5.0;
				TARGETED_DEVICE_FAMILY = "1,2";
				TEST_TARGET_NAME = "job-processor-app";
			};
			name = Debug;
		};
		84C0A9FA2A5FC9EE0013EBC5 /* Release */ = {
			isa = XCBuildConfiguration;
			buildSettings = {
				ALWAYS_EMBED_SWIFT_STANDARD_LIBRARIES = YES;
				CODE_SIGN_STYLE = Automatic;
				CURRENT_PROJECT_VERSION = 1;
				DEVELOPMENT_TEAM = XXH56N6WGN;
				GENERATE_INFOPLIST_FILE = YES;
				MARKETING_VERSION = 1.0;
				PRODUCT_BUNDLE_IDENTIFIER = "mykhailo.tseitlin.job-processor-appUITests";
				PRODUCT_NAME = "$(TARGET_NAME)";
				SWIFT_EMIT_LOC_STRINGS = NO;
				SWIFT_VERSION = 5.0;
				TARGETED_DEVICE_FAMILY = "1,2";
				TEST_TARGET_NAME = "job-processor-app";
			};
			name = Release;
		};
/* End XCBuildConfiguration section */

/* Begin XCConfigurationList section */
		84C0A9C92A5FC9EB0013EBC5 /* Build configuration list for PBXProject "job-processor-app" */ = {
			isa = XCConfigurationList;
			buildConfigurations = (
				84C0A9F02A5FC9EE0013EBC5 /* Debug */,
				84C0A9F12A5FC9EE0013EBC5 /* Release */,
			);
			defaultConfigurationIsVisible = 0;
			defaultConfigurationName = Release;
		};
		84C0A9F22A5FC9EE0013EBC5 /* Build configuration list for PBXNativeTarget "job-processor-app" */ = {
			isa = XCConfigurationList;
			buildConfigurations = (
				84C0A9F32A5FC9EE0013EBC5 /* Debug */,
				84C0A9F42A5FC9EE0013EBC5 /* Release */,
			);
			defaultConfigurationIsVisible = 0;
			defaultConfigurationName = Release;
		};
		84C0A9F52A5FC9EE0013EBC5 /* Build configuration list for PBXNativeTarget "job-processor-appTests" */ = {
			isa = XCConfigurationList;
			buildConfigurations = (
				84C0A9F62A5FC9EE0013EBC5 /* Debug */,
				84C0A9F72A5FC9EE0013EBC5 /* Release */,
			);
			defaultConfigurationIsVisible = 0;
			defaultConfigurationName = Release;
		};
		84C0A9F82A5FC9EE0013EBC5 /* Build configuration list for PBXNativeTarget "job-processor-appUITests" */ = {
			isa = XCConfigurationList;
			buildConfigurations = (
				84C0A9F92A5FC9EE0013EBC5 /* Debug */,
				84C0A9FA2A5FC9EE0013EBC5 /* Release */,
			);
			defaultConfigurationIsVisible = 0;
			defaultConfigurationName = Release;
		};
/* End XCConfigurationList section */
	};
	rootObject = 84C0A9C62A5FC9EB0013EBC5 /* Project object */;
}
